// !$*UTF8*$!
{
	archiveVersion = 1;
	classes = {
	};
	objectVersion = 46;
	objects = {

/* Begin PBXBuildFile section */
		AF036E45208D3A480097803C /* Reachability.m in Sources */ = {isa = PBXBuildFile; fileRef = AF036E44208D3A480097803C /* Reachability.m */; };
		AF036E49208DA8980097803C /* MusicVideoTVC.swift in Sources */ = {isa = PBXBuildFile; fileRef = AF036E48208DA8980097803C /* MusicVideoTVC.swift */; };
		AF5B6B84208F7714002362BA /* MusicVideoTableViewCell.swift in Sources */ = {isa = PBXBuildFile; fileRef = AF5B6B83208F7714002362BA /* MusicVideoTableViewCell.swift */; };
		AF747E02208CEE92007C047A /* Constants.swift in Sources */ = {isa = PBXBuildFile; fileRef = AF747E01208CEE92007C047A /* Constants.swift */; };
		AF747E04208CF023007C047A /* MusicVideo.swift in Sources */ = {isa = PBXBuildFile; fileRef = AF747E03208CF023007C047A /* MusicVideo.swift */; };
		AFD1024920830286001049F4 /* AppDelegate.swift in Sources */ = {isa = PBXBuildFile; fileRef = AFD1024820830286001049F4 /* AppDelegate.swift */; };
		AFD1024B20830286001049F4 /* ViewController.swift in Sources */ = {isa = PBXBuildFile; fileRef = AFD1024A20830286001049F4 /* ViewController.swift */; };
		AFD1024E20830286001049F4 /* Main.storyboard in Resources */ = {isa = PBXBuildFile; fileRef = AFD1024C20830286001049F4 /* Main.storyboard */; };
		AFD1025020830286001049F4 /* Assets.xcassets in Resources */ = {isa = PBXBuildFile; fileRef = AFD1024F20830286001049F4 /* Assets.xcassets */; };
		AFD1025320830286001049F4 /* LaunchScreen.storyboard in Resources */ = {isa = PBXBuildFile; fileRef = AFD1025120830286001049F4 /* LaunchScreen.storyboard */; };
		AFD1025E20830286001049F4 /* MusicVideoTests.swift in Sources */ = {isa = PBXBuildFile; fileRef = AFD1025D20830286001049F4 /* MusicVideoTests.swift */; };
		AFD1026920830287001049F4 /* MusicVideoUITests.swift in Sources */ = {isa = PBXBuildFile; fileRef = AFD1026820830287001049F4 /* MusicVideoUITests.swift */; };
		AFD1027B20840831001049F4 /* APIManager.swift in Sources */ = {isa = PBXBuildFile; fileRef = AFD1027A20840831001049F4 /* APIManager.swift */; };
/* End PBXBuildFile section */

/* Begin PBXContainerItemProxy section */
		AFD1025A20830286001049F4 /* PBXContainerItemProxy */ = {
			isa = PBXContainerItemProxy;
			containerPortal = AFD1023D20830286001049F4 /* Project object */;
			proxyType = 1;
			remoteGlobalIDString = AFD1024420830286001049F4;
			remoteInfo = MusicVideo;
		};
		AFD1026520830287001049F4 /* PBXContainerItemProxy */ = {
			isa = PBXContainerItemProxy;
			containerPortal = AFD1023D20830286001049F4 /* Project object */;
			proxyType = 1;
			remoteGlobalIDString = AFD1024420830286001049F4;
			remoteInfo = MusicVideo;
		};
/* End PBXContainerItemProxy section */

/* Begin PBXFileReference section */
		AF036E3C208D39D10097803C /* MusicVideo-Bridging-Header.h */ = {isa = PBXFileReference; lastKnownFileType = sourcecode.c.h; path = "MusicVideo-Bridging-Header.h"; sourceTree = "<group>"; };
		AF036E43208D3A480097803C /* Reachability.h */ = {isa = PBXFileReference; fileEncoding = 4; lastKnownFileType = sourcecode.c.h; path = Reachability.h; sourceTree = "<group>"; };
		AF036E44208D3A480097803C /* Reachability.m */ = {isa = PBXFileReference; fileEncoding = 4; lastKnownFileType = sourcecode.c.objc; path = Reachability.m; sourceTree = "<group>"; };
		AF036E48208DA8980097803C /* MusicVideoTVC.swift */ = {isa = PBXFileReference; fileEncoding = 4; lastKnownFileType = sourcecode.swift; path = MusicVideoTVC.swift; sourceTree = "<group>"; };
		AF5B6B83208F7714002362BA /* MusicVideoTableViewCell.swift */ = {isa = PBXFileReference; fileEncoding = 4; lastKnownFileType = sourcecode.swift; path = MusicVideoTableViewCell.swift; sourceTree = "<group>"; };
		AF747E01208CEE92007C047A /* Constants.swift */ = {isa = PBXFileReference; fileEncoding = 4; lastKnownFileType = sourcecode.swift; path = Constants.swift; sourceTree = "<group>"; };
		AF747E03208CF023007C047A /* MusicVideo.swift */ = {isa = PBXFileReference; fileEncoding = 4; lastKnownFileType = sourcecode.swift; path = MusicVideo.swift; sourceTree = "<group>"; };
		AFD1024520830286001049F4 /* MusicVideo.app */ = {isa = PBXFileReference; explicitFileType = wrapper.application; includeInIndex = 0; path = MusicVideo.app; sourceTree = BUILT_PRODUCTS_DIR; };
		AFD1024820830286001049F4 /* AppDelegate.swift */ = {isa = PBXFileReference; lastKnownFileType = sourcecode.swift; path = AppDelegate.swift; sourceTree = "<group>"; };
		AFD1024A20830286001049F4 /* ViewController.swift */ = {isa = PBXFileReference; lastKnownFileType = sourcecode.swift; path = ViewController.swift; sourceTree = "<group>"; };
		AFD1024D20830286001049F4 /* Base */ = {isa = PBXFileReference; lastKnownFileType = file.storyboard; name = Base; path = Base.lproj/Main.storyboard; sourceTree = "<group>"; };
		AFD1024F20830286001049F4 /* Assets.xcassets */ = {isa = PBXFileReference; lastKnownFileType = folder.assetcatalog; path = Assets.xcassets; sourceTree = "<group>"; };
		AFD1025220830286001049F4 /* Base */ = {isa = PBXFileReference; lastKnownFileType = file.storyboard; name = Base; path = Base.lproj/LaunchScreen.storyboard; sourceTree = "<group>"; };
		AFD1025420830286001049F4 /* Info.plist */ = {isa = PBXFileReference; lastKnownFileType = text.plist.xml; path = Info.plist; sourceTree = "<group>"; };
		AFD1025920830286001049F4 /* MusicVideoTests.xctest */ = {isa = PBXFileReference; explicitFileType = wrapper.cfbundle; includeInIndex = 0; path = MusicVideoTests.xctest; sourceTree = BUILT_PRODUCTS_DIR; };
		AFD1025D20830286001049F4 /* MusicVideoTests.swift */ = {isa = PBXFileReference; lastKnownFileType = sourcecode.swift; path = MusicVideoTests.swift; sourceTree = "<group>"; };
		AFD1025F20830286001049F4 /* Info.plist */ = {isa = PBXFileReference; lastKnownFileType = text.plist.xml; path = Info.plist; sourceTree = "<group>"; };
		AFD1026420830287001049F4 /* MusicVideoUITests.xctest */ = {isa = PBXFileReference; explicitFileType = wrapper.cfbundle; includeInIndex = 0; path = MusicVideoUITests.xctest; sourceTree = BUILT_PRODUCTS_DIR; };
		AFD1026820830287001049F4 /* MusicVideoUITests.swift */ = {isa = PBXFileReference; lastKnownFileType = sourcecode.swift; path = MusicVideoUITests.swift; sourceTree = "<group>"; };
		AFD1026A20830287001049F4 /* Info.plist */ = {isa = PBXFileReference; lastKnownFileType = text.plist.xml; path = Info.plist; sourceTree = "<group>"; };
		AFD1027A20840831001049F4 /* APIManager.swift */ = {isa = PBXFileReference; fileEncoding = 4; lastKnownFileType = sourcecode.swift; path = APIManager.swift; sourceTree = "<group>"; };
/* End PBXFileReference section */

/* Begin PBXFrameworksBuildPhase section */
		AFD1024220830286001049F4 /* Frameworks */ = {
			isa = PBXFrameworksBuildPhase;
			buildActionMask = 2147483647;
			files = (
			);
			runOnlyForDeploymentPostprocessing = 0;
		};
		AFD1025620830286001049F4 /* Frameworks */ = {
			isa = PBXFrameworksBuildPhase;
			buildActionMask = 2147483647;
			files = (
			);
			runOnlyForDeploymentPostprocessing = 0;
		};
		AFD1026120830287001049F4 /* Frameworks */ = {
			isa = PBXFrameworksBuildPhase;
			buildActionMask = 2147483647;
			files = (
			);
			runOnlyForDeploymentPostprocessing = 0;
		};
/* End PBXFrameworksBuildPhase section */

/* Begin PBXGroup section */
		AF036E3B208D39020097803C /* Obj-c */ = {
			isa = PBXGroup;
			children = (
				AF036E43208D3A480097803C /* Reachability.h */,
				AF036E44208D3A480097803C /* Reachability.m */,
				AF036E3C208D39D10097803C /* MusicVideo-Bridging-Header.h */,
			);
			name = "Obj-c";
			sourceTree = "<group>";
		};
		AF747E00208CEE73007C047A /* Utils */ = {
			isa = PBXGroup;
			children = (
				AF747E01208CEE92007C047A /* Constants.swift */,
			);
			name = Utils;
			sourceTree = "<group>";
		};
		AFD1023C20830286001049F4 = {
			isa = PBXGroup;
			children = (
				AFD1024720830286001049F4 /* MusicVideo */,
				AFD1025C20830286001049F4 /* MusicVideoTests */,
				AFD1026720830287001049F4 /* MusicVideoUITests */,
				AFD1024620830286001049F4 /* Products */,
			);
			sourceTree = "<group>";
		};
		AFD1024620830286001049F4 /* Products */ = {
			isa = PBXGroup;
			children = (
				AFD1024520830286001049F4 /* MusicVideo.app */,
				AFD1025920830286001049F4 /* MusicVideoTests.xctest */,
				AFD1026420830287001049F4 /* MusicVideoUITests.xctest */,
			);
			name = Products;
			sourceTree = "<group>";
		};
		AFD1024720830286001049F4 /* MusicVideo */ = {
			isa = PBXGroup;
			children = (
				AF036E3B208D39020097803C /* Obj-c */,
				AF747E00208CEE73007C047A /* Utils */,
				AFD1027920840454001049F4 /* Supporting Files */,
				AFD10276208403E1001049F4 /* Model */,
				AFD10277208403F3001049F4 /* Controller */,
				AFD1027820840402001049F4 /* View */,
			);
			path = MusicVideo;
			sourceTree = "<group>";
		};
		AFD1025C20830286001049F4 /* MusicVideoTests */ = {
			isa = PBXGroup;
			children = (
				AFD1025D20830286001049F4 /* MusicVideoTests.swift */,
				AFD1025F20830286001049F4 /* Info.plist */,
			);
			path = MusicVideoTests;
			sourceTree = "<group>";
		};
		AFD1026720830287001049F4 /* MusicVideoUITests */ = {
			isa = PBXGroup;
			children = (
				AFD1026820830287001049F4 /* MusicVideoUITests.swift */,
				AFD1026A20830287001049F4 /* Info.plist */,
			);
			path = MusicVideoUITests;
			sourceTree = "<group>";
		};
		AFD10276208403E1001049F4 /* Model */ = {
			isa = PBXGroup;
			children = (
				AF747E03208CF023007C047A /* MusicVideo.swift */,
				AFD1027A20840831001049F4 /* APIManager.swift */,
			);
			name = Model;
			sourceTree = "<group>";
		};
		AFD10277208403F3001049F4 /* Controller */ = {
			isa = PBXGroup;
			children = (
				AF036E48208DA8980097803C /* MusicVideoTVC.swift */,
				AFD1024A20830286001049F4 /* ViewController.swift */,
				AF5B6B83208F7714002362BA /* MusicVideoTableViewCell.swift */,
			);
			name = Controller;
			sourceTree = "<group>";
		};
		AFD1027820840402001049F4 /* View */ = {
			isa = PBXGroup;
			children = (
				AFD1025120830286001049F4 /* LaunchScreen.storyboard */,
				AFD1024C20830286001049F4 /* Main.storyboard */,
			);
			name = View;
			sourceTree = "<group>";
		};
		AFD1027920840454001049F4 /* Supporting Files */ = {
			isa = PBXGroup;
			children = (
				AFD1024F20830286001049F4 /* Assets.xcassets */,
				AFD1025420830286001049F4 /* Info.plist */,
				AFD1024820830286001049F4 /* AppDelegate.swift */,
			);
			name = "Supporting Files";
			sourceTree = "<group>";
		};
/* End PBXGroup section */

/* Begin PBXNativeTarget section */
		AFD1024420830286001049F4 /* MusicVideo */ = {
			isa = PBXNativeTarget;
			buildConfigurationList = AFD1026D20830287001049F4 /* Build configuration list for PBXNativeTarget "MusicVideo" */;
			buildPhases = (
				AFD1024120830286001049F4 /* Sources */,
				AFD1024220830286001049F4 /* Frameworks */,
				AFD1024320830286001049F4 /* Resources */,
			);
			buildRules = (
			);
			dependencies = (
			);
			name = MusicVideo;
			productName = MusicVideo;
			productReference = AFD1024520830286001049F4 /* MusicVideo.app */;
			productType = "com.apple.product-type.application";
		};
		AFD1025820830286001049F4 /* MusicVideoTests */ = {
			isa = PBXNativeTarget;
			buildConfigurationList = AFD1027020830287001049F4 /* Build configuration list for PBXNativeTarget "MusicVideoTests" */;
			buildPhases = (
				AFD1025520830286001049F4 /* Sources */,
				AFD1025620830286001049F4 /* Frameworks */,
				AFD1025720830286001049F4 /* Resources */,
			);
			buildRules = (
			);
			dependencies = (
				AFD1025B20830286001049F4 /* PBXTargetDependency */,
			);
			name = MusicVideoTests;
			productName = MusicVideoTests;
			productReference = AFD1025920830286001049F4 /* MusicVideoTests.xctest */;
			productType = "com.apple.product-type.bundle.unit-test";
		};
		AFD1026320830287001049F4 /* MusicVideoUITests */ = {
			isa = PBXNativeTarget;
			buildConfigurationList = AFD1027320830287001049F4 /* Build configuration list for PBXNativeTarget "MusicVideoUITests" */;
			buildPhases = (
				AFD1026020830287001049F4 /* Sources */,
				AFD1026120830287001049F4 /* Frameworks */,
				AFD1026220830287001049F4 /* Resources */,
			);
			buildRules = (
			);
			dependencies = (
				AFD1026620830287001049F4 /* PBXTargetDependency */,
			);
			name = MusicVideoUITests;
			productName = MusicVideoUITests;
			productReference = AFD1026420830287001049F4 /* MusicVideoUITests.xctest */;
			productType = "com.apple.product-type.bundle.ui-testing";
		};
/* End PBXNativeTarget section */

/* Begin PBXProject section */
		AFD1023D20830286001049F4 /* Project object */ = {
			isa = PBXProject;
			attributes = {
				LastSwiftUpdateCheck = 0830;
				LastUpgradeCheck = 0830;
				ORGANIZATIONNAME = "Estelle qiyu";
				TargetAttributes = {
					AFD1024420830286001049F4 = {
						CreatedOnToolsVersion = 8.3.3;
						DevelopmentTeam = CRL7LMPLE5;
						LastSwiftMigration = 0830;
						ProvisioningStyle = Automatic;
					};
					AFD1025820830286001049F4 = {
						CreatedOnToolsVersion = 8.3.3;
						LastSwiftMigration = 0830;
						ProvisioningStyle = Automatic;
						TestTargetID = AFD1024420830286001049F4;
					};
					AFD1026320830287001049F4 = {
						CreatedOnToolsVersion = 8.3.3;
						LastSwiftMigration = 0830;
						ProvisioningStyle = Automatic;
						TestTargetID = AFD1024420830286001049F4;
					};
				};
			};
			buildConfigurationList = AFD1024020830286001049F4 /* Build configuration list for PBXProject "MusicVideo" */;
			compatibilityVersion = "Xcode 3.2";
			developmentRegion = English;
			hasScannedForEncodings = 0;
			knownRegions = (
				en,
				Base,
			);
			mainGroup = AFD1023C20830286001049F4;
			productRefGroup = AFD1024620830286001049F4 /* Products */;
			projectDirPath = "";
			projectRoot = "";
			targets = (
				AFD1024420830286001049F4 /* MusicVideo */,
				AFD1025820830286001049F4 /* MusicVideoTests */,
				AFD1026320830287001049F4 /* MusicVideoUITests */,
			);
		};
/* End PBXProject section */

/* Begin PBXResourcesBuildPhase section */
		AFD1024320830286001049F4 /* Resources */ = {
			isa = PBXResourcesBuildPhase;
			buildActionMask = 2147483647;
			files = (
				AFD1025320830286001049F4 /* LaunchScreen.storyboard in Resources */,
				AFD1025020830286001049F4 /* Assets.xcassets in Resources */,
				AFD1024E20830286001049F4 /* Main.storyboard in Resources */,
			);
			runOnlyForDeploymentPostprocessing = 0;
		};
		AFD1025720830286001049F4 /* Resources */ = {
			isa = PBXResourcesBuildPhase;
			buildActionMask = 2147483647;
			files = (
			);
			runOnlyForDeploymentPostprocessing = 0;
		};
		AFD1026220830287001049F4 /* Resources */ = {
			isa = PBXResourcesBuildPhase;
			buildActionMask = 2147483647;
			files = (
			);
			runOnlyForDeploymentPostprocessing = 0;
		};
/* End PBXResourcesBuildPhase section */

/* Begin PBXSourcesBuildPhase section */
		AFD1024120830286001049F4 /* Sources */ = {
			isa = PBXSourcesBuildPhase;
			buildActionMask = 2147483647;
			files = (
				AFD1027B20840831001049F4 /* APIManager.swift in Sources */,
				AFD1024B20830286001049F4 /* ViewController.swift in Sources */,
				AF747E04208CF023007C047A /* MusicVideo.swift in Sources */,
				AF5B6B84208F7714002362BA /* MusicVideoTableViewCell.swift in Sources */,
				AFD1024920830286001049F4 /* AppDelegate.swift in Sources */,
				AF036E45208D3A480097803C /* Reachability.m in Sources */,
				AF747E02208CEE92007C047A /* Constants.swift in Sources */,
				AF036E49208DA8980097803C /* MusicVideoTVC.swift in Sources */,
			);
			runOnlyForDeploymentPostprocessing = 0;
		};
		AFD1025520830286001049F4 /* Sources */ = {
			isa = PBXSourcesBuildPhase;
			buildActionMask = 2147483647;
			files = (
				AFD1025E20830286001049F4 /* MusicVideoTests.swift in Sources */,
			);
			runOnlyForDeploymentPostprocessing = 0;
		};
		AFD1026020830287001049F4 /* Sources */ = {
			isa = PBXSourcesBuildPhase;
			buildActionMask = 2147483647;
			files = (
				AFD1026920830287001049F4 /* MusicVideoUITests.swift in Sources */,
			);
			runOnlyForDeploymentPostprocessing = 0;
		};
/* End PBXSourcesBuildPhase section */

/* Begin PBXTargetDependency section */
		AFD1025B20830286001049F4 /* PBXTargetDependency */ = {
			isa = PBXTargetDependency;
			target = AFD1024420830286001049F4 /* MusicVideo */;
			targetProxy = AFD1025A20830286001049F4 /* PBXContainerItemProxy */;
		};
		AFD1026620830287001049F4 /* PBXTargetDependency */ = {
			isa = PBXTargetDependency;
			target = AFD1024420830286001049F4 /* MusicVideo */;
			targetProxy = AFD1026520830287001049F4 /* PBXContainerItemProxy */;
		};
/* End PBXTargetDependency section */

/* Begin PBXVariantGroup section */
		AFD1024C20830286001049F4 /* Main.storyboard */ = {
			isa = PBXVariantGroup;
			children = (
				AFD1024D20830286001049F4 /* Base */,
			);
			name = Main.storyboard;
			sourceTree = "<group>";
		};
		AFD1025120830286001049F4 /* LaunchScreen.storyboard */ = {
			isa = PBXVariantGroup;
			children = (
				AFD1025220830286001049F4 /* Base */,
			);
			name = LaunchScreen.storyboard;
			sourceTree = "<group>";
		};
/* End PBXVariantGroup section */

/* Begin XCBuildConfiguration section */
		AFD1026B20830287001049F4 /* Debug */ = {
			isa = XCBuildConfiguration;
			buildSettings = {
				ALWAYS_SEARCH_USER_PATHS = NO;
				CLANG_ANALYZER_NONNULL = YES;
				CLANG_ANALYZER_NUMBER_OBJECT_CONVERSION = YES_AGGRESSIVE;
				CLANG_CXX_LANGUAGE_STANDARD = "gnu++0x";
				CLANG_CXX_LIBRARY = "libc++";
				CLANG_ENABLE_MODULES = YES;
				CLANG_ENABLE_OBJC_ARC = YES;
				CLANG_WARN_BOOL_CONVERSION = YES;
				CLANG_WARN_CONSTANT_CONVERSION = YES;
				CLANG_WARN_DIRECT_OBJC_ISA_USAGE = YES_ERROR;
				CLANG_WARN_DOCUMENTATION_COMMENTS = YES;
				CLANG_WARN_EMPTY_BODY = YES;
				CLANG_WARN_ENUM_CONVERSION = YES;
				CLANG_WARN_INFINITE_RECURSION = YES;
				CLANG_WARN_INT_CONVERSION = YES;
				CLANG_WARN_OBJC_ROOT_CLASS = YES_ERROR;
				CLANG_WARN_SUSPICIOUS_MOVE = YES;
				CLANG_WARN_UNREACHABLE_CODE = YES;
				CLANG_WARN__DUPLICATE_METHOD_MATCH = YES;
				"CODE_SIGN_IDENTITY[sdk=iphoneos*]" = "iPhone Developer";
				COPY_PHASE_STRIP = NO;
				DEBUG_INFORMATION_FORMAT = dwarf;
				ENABLE_STRICT_OBJC_MSGSEND = YES;
				ENABLE_TESTABILITY = YES;
				GCC_C_LANGUAGE_STANDARD = gnu99;
				GCC_DYNAMIC_NO_PIC = NO;
				GCC_NO_COMMON_BLOCKS = YES;
				GCC_OPTIMIZATION_LEVEL = 0;
				GCC_PREPROCESSOR_DEFINITIONS = (
					"DEBUG=1",
					"$(inherited)",
				);
				GCC_WARN_64_TO_32_BIT_CONVERSION = YES;
				GCC_WARN_ABOUT_RETURN_TYPE = YES_ERROR;
				GCC_WARN_UNDECLARED_SELECTOR = YES;
				GCC_WARN_UNINITIALIZED_AUTOS = YES_AGGRESSIVE;
				GCC_WARN_UNUSED_FUNCTION = YES;
				GCC_WARN_UNUSED_VARIABLE = YES;
				IPHONEOS_DEPLOYMENT_TARGET = 10.3;
				MTL_ENABLE_DEBUG_INFO = YES;
				ONLY_ACTIVE_ARCH = YES;
				SDKROOT = iphoneos;
				SWIFT_ACTIVE_COMPILATION_CONDITIONS = DEBUG;
				SWIFT_OPTIMIZATION_LEVEL = "-Onone";
				TARGETED_DEVICE_FAMILY = "1,2";
			};
			name = Debug;
		};
		AFD1026C20830287001049F4 /* Release */ = {
			isa = XCBuildConfiguration;
			buildSettings = {
				ALWAYS_SEARCH_USER_PATHS = NO;
				CLANG_ANALYZER_NONNULL = YES;
				CLANG_ANALYZER_NUMBER_OBJECT_CONVERSION = YES_AGGRESSIVE;
				CLANG_CXX_LANGUAGE_STANDARD = "gnu++0x";
				CLANG_CXX_LIBRARY = "libc++";
				CLANG_ENABLE_MODULES = YES;
				CLANG_ENABLE_OBJC_ARC = YES;
				CLANG_WARN_BOOL_CONVERSION = YES;
				CLANG_WARN_CONSTANT_CONVERSION = YES;
				CLANG_WARN_DIRECT_OBJC_ISA_USAGE = YES_ERROR;
				CLANG_WARN_DOCUMENTATION_COMMENTS = YES;
				CLANG_WARN_EMPTY_BODY = YES;
				CLANG_WARN_ENUM_CONVERSION = YES;
				CLANG_WARN_INFINITE_RECURSION = YES;
				CLANG_WARN_INT_CONVERSION = YES;
				CLANG_WARN_OBJC_ROOT_CLASS = YES_ERROR;
				CLANG_WARN_SUSPICIOUS_MOVE = YES;
				CLANG_WARN_UNREACHABLE_CODE = YES;
				CLANG_WARN__DUPLICATE_METHOD_MATCH = YES;
				"CODE_SIGN_IDENTITY[sdk=iphoneos*]" = "iPhone Developer";
				COPY_PHASE_STRIP = NO;
				DEBUG_INFORMATION_FORMAT = "dwarf-with-dsym";
				ENABLE_NS_ASSERTIONS = NO;
				ENABLE_STRICT_OBJC_MSGSEND = YES;
				GCC_C_LANGUAGE_STANDARD = gnu99;
				GCC_NO_COMMON_BLOCKS = YES;
				GCC_WARN_64_TO_32_BIT_CONVERSION = YES;
				GCC_WARN_ABOUT_RETURN_TYPE = YES_ERROR;
				GCC_WARN_UNDECLARED_SELECTOR = YES;
				GCC_WARN_UNINITIALIZED_AUTOS = YES_AGGRESSIVE;
				GCC_WARN_UNUSED_FUNCTION = YES;
				GCC_WARN_UNUSED_VARIABLE = YES;
				IPHONEOS_DEPLOYMENT_TARGET = 10.3;
				MTL_ENABLE_DEBUG_INFO = NO;
				SDKROOT = iphoneos;
				SWIFT_OPTIMIZATION_LEVEL = "-Owholemodule";
				TARGETED_DEVICE_FAMILY = "1,2";
				VALIDATE_PRODUCT = YES;
			};
			name = Release;
		};
		AFD1026E20830287001049F4 /* Debug */ = {
			isa = XCBuildConfiguration;
			buildSettings = {
				ASSETCATALOG_COMPILER_APPICON_NAME = AppIcon;
				CLANG_ENABLE_MODULES = YES;
				DEVELOPMENT_TEAM = CRL7LMPLE5;
				INFOPLIST_FILE = MusicVideo/Info.plist;
				LD_RUNPATH_SEARCH_PATHS = "$(inherited) @executable_path/Frameworks";
				PRODUCT_BUNDLE_IDENTIFIER = com.estellewu.MusicVideo;
				PRODUCT_NAME = "$(TARGET_NAME)";
				SWIFT_OBJC_BRIDGING_HEADER = "MusicVideo/MusicVideo-Bridging-Header.h";
				SWIFT_OPTIMIZATION_LEVEL = "-Onone";
				SWIFT_VERSION = 3.0;
			};
			name = Debug;
		};
		AFD1026F20830287001049F4 /* Release */ = {
			isa = XCBuildConfiguration;
			buildSettings = {
				ASSETCATALOG_COMPILER_APPICON_NAME = AppIcon;
				CLANG_ENABLE_MODULES = YES;
				DEVELOPMENT_TEAM = CRL7LMPLE5;
				INFOPLIST_FILE = MusicVideo/Info.plist;
				LD_RUNPATH_SEARCH_PATHS = "$(inherited) @executable_path/Frameworks";
				PRODUCT_BUNDLE_IDENTIFIER = com.estellewu.MusicVideo;
				PRODUCT_NAME = "$(TARGET_NAME)";
				SWIFT_OBJC_BRIDGING_HEADER = "MusicVideo/MusicVideo-Bridging-Header.h";
				SWIFT_VERSION = 3.0;
			};
			name = Release;
		};
		AFD1027120830287001049F4 /* Debug */ = {
			isa = XCBuildConfiguration;
			buildSettings = {
				ALWAYS_EMBED_SWIFT_STANDARD_LIBRARIES = YES;
				BUNDLE_LOADER = "$(TEST_HOST)";
				INFOPLIST_FILE = MusicVideoTests/Info.plist;
				LD_RUNPATH_SEARCH_PATHS = "$(inherited) @executable_path/Frameworks @loader_path/Frameworks";
				PRODUCT_BUNDLE_IDENTIFIER = com.estellewu.MusicVideoTests;
				PRODUCT_NAME = "$(TARGET_NAME)";
				SWIFT_VERSION = 3.0;
				TEST_HOST = "$(BUILT_PRODUCTS_DIR)/MusicVideo.app/MusicVideo";
			};
			name = Debug;
		};
		AFD1027220830287001049F4 /* Release */ = {
			isa = XCBuildConfiguration;
			buildSettings = {
				ALWAYS_EMBED_SWIFT_STANDARD_LIBRARIES = YES;
				BUNDLE_LOADER = "$(TEST_HOST)";
				INFOPLIST_FILE = MusicVideoTests/Info.plist;
				LD_RUNPATH_SEARCH_PATHS = "$(inherited) @executable_path/Frameworks @loader_path/Frameworks";
				PRODUCT_BUNDLE_IDENTIFIER = com.estellewu.MusicVideoTests;
				PRODUCT_NAME = "$(TARGET_NAME)";
				SWIFT_VERSION = 3.0;
				TEST_HOST = "$(BUILT_PRODUCTS_DIR)/MusicVideo.app/MusicVideo";
			};
			name = Release;
		};
		AFD1027420830287001049F4 /* Debug */ = {
			isa = XCBuildConfiguration;
			buildSettings = {
				ALWAYS_EMBED_SWIFT_STANDARD_LIBRARIES = YES;
				INFOPLIST_FILE = MusicVideoUITests/Info.plist;
				LD_RUNPATH_SEARCH_PATHS = "$(inherited) @executable_path/Frameworks @loader_path/Frameworks";
				PRODUCT_BUNDLE_IDENTIFIER = com.estellewu.MusicVideoUITests;
				PRODUCT_NAME = "$(TARGET_NAME)";
				SWIFT_VERSION = 3.0;
				TEST_TARGET_NAME = MusicVideo;
			};
			name = Debug;
		};
		AFD1027520830287001049F4 /* Release */ = {
			isa = XCBuildConfiguration;
			buildSettings = {
				ALWAYS_EMBED_SWIFT_STANDARD_LIBRARIES = YES;
				INFOPLIST_FILE = MusicVideoUITests/Info.plist;
				LD_RUNPATH_SEARCH_PATHS = "$(inherited) @executable_path/Frameworks @loader_path/Frameworks";
				PRODUCT_BUNDLE_IDENTIFIER = com.estellewu.MusicVideoUITests;
				PRODUCT_NAME = "$(TARGET_NAME)";
				SWIFT_VERSION = 3.0;
				TEST_TARGET_NAME = MusicVideo;
			};
			name = Release;
		};
/* End XCBuildConfiguration section */

/* Begin XCConfigurationList section */
		AFD1024020830286001049F4 /* Build configuration list for PBXProject "MusicVideo" */ = {
			isa = XCConfigurationList;
			buildConfigurations = (
				AFD1026B20830287001049F4 /* Debug */,
				AFD1026C20830287001049F4 /* Release */,
			);
			defaultConfigurationIsVisible = 0;
			defaultConfigurationName = Release;
		};
		AFD1026D20830287001049F4 /* Build configuration list for PBXNativeTarget "MusicVideo" */ = {
			isa = XCConfigurationList;
			buildConfigurations = (
				AFD1026E20830287001049F4 /* Debug */,
				AFD1026F20830287001049F4 /* Release */,
			);
			defaultConfigurationIsVisible = 0;
			defaultConfigurationName = Release;
		};
		AFD1027020830287001049F4 /* Build configuration list for PBXNativeTarget "MusicVideoTests" */ = {
			isa = XCConfigurationList;
			buildConfigurations = (
				AFD1027120830287001049F4 /* Debug */,
				AFD1027220830287001049F4 /* Release */,
			);
			defaultConfigurationIsVisible = 0;
			defaultConfigurationName = Release;
		};
		AFD1027320830287001049F4 /* Build configuration list for PBXNativeTarget "MusicVideoUITests" */ = {
			isa = XCConfigurationList;
			buildConfigurations = (
				AFD1027420830287001049F4 /* Debug */,
				AFD1027520830287001049F4 /* Release */,
			);
			defaultConfigurationIsVisible = 0;
			defaultConfigurationName = Release;
		};
/* End XCConfigurationList section */
	};
	rootObject = AFD1023D20830286001049F4 /* Project object */;
}
